
Microsoft Visual Studio Solution File, Format Version 12.00
# Visual Studio 2012
Project("{FAE04EC0-301F-11D3-BF4B-00C04F79EFBC}") = "TDDlearning", "TDDlearning\TDDlearning.csproj", "{F43100CA-19D2-4E21-A25B-192D20DAAB52}"
EndProject
Project("{FAE04EC0-301F-11D3-BF4B-00C04F79EFBC}") = "TTDlearning.Test", "TTDlearning.Test\TTDlearning.Test.csproj", "{F40E9A24-FAB6-4BF9-801D-309E692F8AA2}"
EndProject
Global
	GlobalSection(SolutionConfigurationPlatforms) = preSolution
		Debug|Any CPU = Debug|Any CPU
		Release|Any CPU = Release|Any CPU
	EndGlobalSection
	GlobalSection(ProjectConfigurationPlatforms) = postSolution
		{F43100CA-19D2-4E21-A25B-192D20DAAB52}.Debug|Any CPU.ActiveCfg = Debug|Any CPU
		{F43100CA-19D2-4E21-A25B-192D20DAAB52}.Debug|Any CPU.Build.0 = Debug|Any CPU
		{F43100CA-19D2-4E21-A25B-192D20DAAB52}.Release|Any CPU.ActiveCfg = Release|Any CPU
		{F43100CA-19D2-4E21-A25B-192D20DAAB52}.Release|Any CPU.Build.0 = Release|Any CPU
		{F40E9A24-FAB6-4BF9-801D-309E692F8AA2}.Debug|Any CPU.ActiveCfg = Debug|Any CPU
		{F40E9A24-FAB6-4BF9-801D-309E692F8AA2}.Debug|Any CPU.Build.0 = Debug|Any CPU
		{F40E9A24-FAB6-4BF9-801D-309E692F8AA2}.Release|Any CPU.ActiveCfg = Release|Any CPU
		{F40E9A24-FAB6-4BF9-801D-309E692F8AA2}.Release|Any CPU.Build.0 = Release|Any CPU
	EndGlobalSection
	GlobalSection(SolutionProperties) = preSolution
		HideSolutionNode = FALSE
	EndGlobalSection
EndGlobal
